
Microsoft Visual Studio Solution File, Format Version 12.00
# Visual Studio Version 17
VisualStudioVersion = 17.3.32929.385
MinimumVisualStudioVersion = 10.0.40219.1
Project("{FAE04EC0-301F-11D3-BF4B-00C04F79EFBC}") = "Эказмен FIT", "Эказмен FIT\Эказмен FIT.csproj", "{F705D9A9-FEB3-4A9D-80CE-400312E8E3BB}"
EndProject
Global
	GlobalSection(SolutionConfigurationPlatforms) = preSolution
		Debug|Any CPU = Debug|Any CPU
		Release|Any CPU = Release|Any CPU
	EndGlobalSection
	GlobalSection(ProjectConfigurationPlatforms) = postSolution
		{F705D9A9-FEB3-4A9D-80CE-400312E8E3BB}.Debug|Any CPU.ActiveCfg = Debug|Any CPU
		{F705D9A9-FEB3-4A9D-80CE-400312E8E3BB}.Debug|Any CPU.Build.0 = Debug|Any CPU
		{F705D9A9-FEB3-4A9D-80CE-400312E8E3BB}.Release|Any CPU.ActiveCfg = Release|Any CPU
		{F705D9A9-FEB3-4A9D-80CE-400312E8E3BB}.Release|Any CPU.Build.0 = Release|Any CPU
	EndGlobalSection
	GlobalSection(SolutionProperties) = preSolution
		HideSolutionNode = FALSE
	EndGlobalSection
	GlobalSection(ExtensibilityGlobals) = postSolution
		SolutionGuid = {46058895-11C0-4E8B-9E2F-78F5BB7226E8}
	EndGlobalSection
EndGlobal
